
Microsoft Visual Studio Solution File, Format Version 12.00
# Visual Studio 15
VisualStudioVersion = 15.0.28307.645
MinimumVisualStudioVersion = 10.0.40219.1
Project("{9A19103F-16F7-4668-BE54-9A1E7A4F7556}") = "Example1", "Example1\Example1.csproj", "{F47628C5-3787-4B3B-A126-04139698C548}"
EndProject
Project("{9A19103F-16F7-4668-BE54-9A1E7A4F7556}") = "ExtensionMethods", "ExtensionMethods\ExtensionMethods.csproj", "{B7D0F23F-7BAC-48A2-84A6-BE7D81EC61DC}"
EndProject
Project("{9A19103F-16F7-4668-BE54-9A1E7A4F7556}") = "LamdaExpression", "LamdaExpression\LamdaExpression.csproj", "{ACF86232-97E1-4A17-89A1-15E73A673229}"
EndProject
Project("{9A19103F-16F7-4668-BE54-9A1E7A4F7556}") = "FuncVsAct", "FuncVsAct\FuncVsAct.csproj", "{BC133F94-85A8-4C29-BAC6-66F6AEAD5766}"
EndProject
Project("{9A19103F-16F7-4668-BE54-9A1E7A4F7556}") = "QueryAndMethodSyntax", "QueryAndMethodSyntax\QueryAndMethodSyntax.csproj", "{DAA2365A-D06B-4AEC-8381-9B326DA25274}"
EndProject
Project("{9A19103F-16F7-4668-BE54-9A1E7A4F7556}") = "CustomFilterOperator", "CustomFilterOperator\CustomFilterOperator.csproj", "{57FC2D9D-1BB7-4673-A492-BCBEEA2CCA01}"
EndProject
Project("{9A19103F-16F7-4668-BE54-9A1E7A4F7556}") = "FilteringOperators", "FilteringOperators\FilteringOperators.csproj", "{9BE81C0B-84A3-4A73-998F-9BF072BD27D2}"
EndProject
Project("{9A19103F-16F7-4668-BE54-9A1E7A4F7556}") = "SortingOperators", "SortingOperators\SortingOperators.csproj", "{F766763E-D3CD-487A-ACE4-B6F2A4EC57FC}"
EndProject
Project("{9A19103F-16F7-4668-BE54-9A1E7A4F7556}") = "Models", "Models\Models.csproj", "{B47B530D-9387-4BF0-A567-8F2D9E3DD574}"
EndProject
Project("{9A19103F-16F7-4668-BE54-9A1E7A4F7556}") = "GroupingOperators", "GroupingOperators\GroupingOperators.csproj", "{E8D68247-94A0-4B03-A7E1-14E9013EDF02}"
EndProject
Project("{9A19103F-16F7-4668-BE54-9A1E7A4F7556}") = "JoiningOperator", "JoiningOperator\JoiningOperator.csproj", "{A2A32762-3E5B-4495-8502-9D3E1FA5C2D9}"
EndProject
Project("{9A19103F-16F7-4668-BE54-9A1E7A4F7556}") = "ProjectionOperators", "ProjectionOperators\ProjectionOperators.csproj", "{7A3256A8-CF81-4954-A47A-011EE7C50CB2}"
EndProject
Project("{9A19103F-16F7-4668-BE54-9A1E7A4F7556}") = "QuantifierOperators", "QuantifierOperators\QuantifierOperators.csproj", "{D943C468-108E-4EB8-84B6-FB3A9809A710}"
EndProject
Project("{9A19103F-16F7-4668-BE54-9A1E7A4F7556}") = "AggregationOperators", "AggregationOperators\AggregationOperators.csproj", "{ACE9DB3A-EB0A-4B1E-9640-89E7AD3E8A0F}"
EndProject
Project("{9A19103F-16F7-4668-BE54-9A1E7A4F7556}") = "ElementOperators", "ElementOperators\ElementOperators.csproj", "{0C5C19AD-F636-4D6F-B264-A12743AD128E}"
EndProject
Project("{9A19103F-16F7-4668-BE54-9A1E7A4F7556}") = "EqualityOperator", "EqualityOperator\EqualityOperator.csproj", "{810E436E-B966-4937-B466-01E9B559855F}"
EndProject
Project("{9A19103F-16F7-4668-BE54-9A1E7A4F7556}") = "ConcatenationOperator", "ConcatenationOperator\ConcatenationOperator.csproj", "{9E2AC05D-FA13-4049-91AD-51ABDF12ACF1}"
EndProject
Project("{9A19103F-16F7-4668-BE54-9A1E7A4F7556}") = "GenerationOperator", "GenerationOperator\GenerationOperator.csproj", "{B2E827AE-76B5-4276-A088-6343466CF06C}"
EndProject
Project("{9A19103F-16F7-4668-BE54-9A1E7A4F7556}") = "SetOperator", "SetOperator\SetOperator.csproj", "{D98F0135-7424-4CAA-AA11-35E9363D2B35}"
EndProject
Project("{9A19103F-16F7-4668-BE54-9A1E7A4F7556}") = "PartitioningOperator", "PartitioningOperator\PartitioningOperator.csproj", "{F1A36F94-4DA5-4B9F-83A7-0D29E81944B3}"
EndProject
Project("{9A19103F-16F7-4668-BE54-9A1E7A4F7556}") = "ConversionOperator", "ConversionOperator\ConversionOperator.csproj", "{045C1EB2-AA59-4E0B-9A82-42BCFF25CA10}"
EndProject
Project("{FAE04EC0-301F-11D3-BF4B-00C04F79EFBC}") = "DeferredExecution", "DeferredExecution\DeferredExecution.csproj", "{4A8FE20F-B767-4D1B-AA26-02EF0085AC8B}"
EndProject
Project("{FAE04EC0-301F-11D3-BF4B-00C04F79EFBC}") = "ImmediateExecution", "ImmediateExecution\ImmediateExecution.csproj", "{E039372F-2F43-4356-A31C-9D82718DCD03}"
EndProject
Project("{FAE04EC0-301F-11D3-BF4B-00C04F79EFBC}") = "Expression", "Expression\Expression.csproj", "{9C765F99-E652-4302-9261-10814C0ABE12}"
EndProject
Project("{FAE04EC0-301F-11D3-BF4B-00C04F79EFBC}") = "ExpressionTree", "ExpressionTree\ExpressionTree.csproj", "{D87ADEF4-C141-4355-9802-DA64DAB792F8}"
EndProject
Project("{FAE04EC0-301F-11D3-BF4B-00C04F79EFBC}") = "LetKeyword", "LetKeyword\LetKeyword.csproj", "{97F69377-C77F-42BE-9602-AB9628C52E7F}"
EndProject
Project("{FAE04EC0-301F-11D3-BF4B-00C04F79EFBC}") = "IntoKeyword", "IntoKeyword\IntoKeyword.csproj", "{B50EF4BC-FF93-401C-BFCF-9F9B5734590F}"
EndProject
Global
	GlobalSection(SolutionConfigurationPlatforms) = preSolution
		Debug|Any CPU = Debug|Any CPU
		Release|Any CPU = Release|Any CPU
	EndGlobalSection
	GlobalSection(ProjectConfigurationPlatforms) = postSolution
		{F47628C5-3787-4B3B-A126-04139698C548}.Debug|Any CPU.ActiveCfg = Debug|Any CPU
		{F47628C5-3787-4B3B-A126-04139698C548}.Debug|Any CPU.Build.0 = Debug|Any CPU
		{F47628C5-3787-4B3B-A126-04139698C548}.Release|Any CPU.ActiveCfg = Release|Any CPU
		{F47628C5-3787-4B3B-A126-04139698C548}.Release|Any CPU.Build.0 = Release|Any CPU
		{B7D0F23F-7BAC-48A2-84A6-BE7D81EC61DC}.Debug|Any CPU.ActiveCfg = Debug|Any CPU
		{B7D0F23F-7BAC-48A2-84A6-BE7D81EC61DC}.Debug|Any CPU.Build.0 = Debug|Any CPU
		{B7D0F23F-7BAC-48A2-84A6-BE7D81EC61DC}.Release|Any CPU.ActiveCfg = Release|Any CPU
		{B7D0F23F-7BAC-48A2-84A6-BE7D81EC61DC}.Release|Any CPU.Build.0 = Release|Any CPU
		{ACF86232-97E1-4A17-89A1-15E73A673229}.Debug|Any CPU.ActiveCfg = Debug|Any CPU
		{ACF86232-97E1-4A17-89A1-15E73A673229}.Debug|Any CPU.Build.0 = Debug|Any CPU
		{ACF86232-97E1-4A17-89A1-15E73A673229}.Release|Any CPU.ActiveCfg = Release|Any CPU
		{ACF86232-97E1-4A17-89A1-15E73A673229}.Release|Any CPU.Build.0 = Release|Any CPU
		{BC133F94-85A8-4C29-BAC6-66F6AEAD5766}.Debug|Any CPU.ActiveCfg = Debug|Any CPU
		{BC133F94-85A8-4C29-BAC6-66F6AEAD5766}.Debug|Any CPU.Build.0 = Debug|Any CPU
		{BC133F94-85A8-4C29-BAC6-66F6AEAD5766}.Release|Any CPU.ActiveCfg = Release|Any CPU
		{BC133F94-85A8-4C29-BAC6-66F6AEAD5766}.Release|Any CPU.Build.0 = Release|Any CPU
		{DAA2365A-D06B-4AEC-8381-9B326DA25274}.Debug|Any CPU.ActiveCfg = Debug|Any CPU
		{DAA2365A-D06B-4AEC-8381-9B326DA25274}.Debug|Any CPU.Build.0 = Debug|Any CPU
		{DAA2365A-D06B-4AEC-8381-9B326DA25274}.Release|Any CPU.ActiveCfg = Release|Any CPU
		{DAA2365A-D06B-4AEC-8381-9B326DA25274}.Release|Any CPU.Build.0 = Release|Any CPU
		{57FC2D9D-1BB7-4673-A492-BCBEEA2CCA01}.Debug|Any CPU.ActiveCfg = Debug|Any CPU
		{57FC2D9D-1BB7-4673-A492-BCBEEA2CCA01}.Debug|Any CPU.Build.0 = Debug|Any CPU
		{57FC2D9D-1BB7-4673-A492-BCBEEA2CCA01}.Release|Any CPU.ActiveCfg = Release|Any CPU
		{57FC2D9D-1BB7-4673-A492-BCBEEA2CCA01}.Release|Any CPU.Build.0 = Release|Any CPU
		{9BE81C0B-84A3-4A73-998F-9BF072BD27D2}.Debug|Any CPU.ActiveCfg = Debug|Any CPU
		{9BE81C0B-84A3-4A73-998F-9BF072BD27D2}.Debug|Any CPU.Build.0 = Debug|Any CPU
		{9BE81C0B-84A3-4A73-998F-9BF072BD27D2}.Release|Any CPU.ActiveCfg = Release|Any CPU
		{9BE81C0B-84A3-4A73-998F-9BF072BD27D2}.Release|Any CPU.Build.0 = Release|Any CPU
		{F766763E-D3CD-487A-ACE4-B6F2A4EC57FC}.Debug|Any CPU.ActiveCfg = Debug|Any CPU
		{F766763E-D3CD-487A-ACE4-B6F2A4EC57FC}.Debug|Any CPU.Build.0 = Debug|Any CPU
		{F766763E-D3CD-487A-ACE4-B6F2A4EC57FC}.Release|Any CPU.ActiveCfg = Release|Any CPU
		{F766763E-D3CD-487A-ACE4-B6F2A4EC57FC}.Release|Any CPU.Build.0 = Release|Any CPU
		{B47B530D-9387-4BF0-A567-8F2D9E3DD574}.Debug|Any CPU.ActiveCfg = Debug|Any CPU
		{B47B530D-9387-4BF0-A567-8F2D9E3DD574}.Debug|Any CPU.Build.0 = Debug|Any CPU
		{B47B530D-9387-4BF0-A567-8F2D9E3DD574}.Release|Any CPU.ActiveCfg = Release|Any CPU
		{B47B530D-9387-4BF0-A567-8F2D9E3DD574}.Release|Any CPU.Build.0 = Release|Any CPU
		{E8D68247-94A0-4B03-A7E1-14E9013EDF02}.Debug|Any CPU.ActiveCfg = Debug|Any CPU
		{E8D68247-94A0-4B03-A7E1-14E9013EDF02}.Debug|Any CPU.Build.0 = Debug|Any CPU
		{E8D68247-94A0-4B03-A7E1-14E9013EDF02}.Release|Any CPU.ActiveCfg = Release|Any CPU
		{E8D68247-94A0-4B03-A7E1-14E9013EDF02}.Release|Any CPU.Build.0 = Release|Any CPU
		{A2A32762-3E5B-4495-8502-9D3E1FA5C2D9}.Debug|Any CPU.ActiveCfg = Debug|Any CPU
		{A2A32762-3E5B-4495-8502-9D3E1FA5C2D9}.Debug|Any CPU.Build.0 = Debug|Any CPU
		{A2A32762-3E5B-4495-8502-9D3E1FA5C2D9}.Release|Any CPU.ActiveCfg = Release|Any CPU
		{A2A32762-3E5B-4495-8502-9D3E1FA5C2D9}.Release|Any CPU.Build.0 = Release|Any CPU
		{7A3256A8-CF81-4954-A47A-011EE7C50CB2}.Debug|Any CPU.ActiveCfg = Debug|Any CPU
		{7A3256A8-CF81-4954-A47A-011EE7C50CB2}.Debug|Any CPU.Build.0 = Debug|Any CPU
		{7A3256A8-CF81-4954-A47A-011EE7C50CB2}.Release|Any CPU.ActiveCfg = Release|Any CPU
		{7A3256A8-CF81-4954-A47A-011EE7C50CB2}.Release|Any CPU.Build.0 = Release|Any CPU
		{D943C468-108E-4EB8-84B6-FB3A9809A710}.Debug|Any CPU.ActiveCfg = Debug|Any CPU
		{D943C468-108E-4EB8-84B6-FB3A9809A710}.Debug|Any CPU.Build.0 = Debug|Any CPU
		{D943C468-108E-4EB8-84B6-FB3A9809A710}.Release|Any CPU.ActiveCfg = Release|Any CPU
		{D943C468-108E-4EB8-84B6-FB3A9809A710}.Release|Any CPU.Build.0 = Release|Any CPU
		{ACE9DB3A-EB0A-4B1E-9640-89E7AD3E8A0F}.Debug|Any CPU.ActiveCfg = Debug|Any CPU
		{ACE9DB3A-EB0A-4B1E-9640-89E7AD3E8A0F}.Debug|Any CPU.Build.0 = Debug|Any CPU
		{ACE9DB3A-EB0A-4B1E-9640-89E7AD3E8A0F}.Release|Any CPU.ActiveCfg = Release|Any CPU
		{ACE9DB3A-EB0A-4B1E-9640-89E7AD3E8A0F}.Release|Any CPU.Build.0 = Release|Any CPU
		{0C5C19AD-F636-4D6F-B264-A12743AD128E}.Debug|Any CPU.ActiveCfg = Debug|Any CPU
		{0C5C19AD-F636-4D6F-B264-A12743AD128E}.Debug|Any CPU.Build.0 = Debug|Any CPU
		{0C5C19AD-F636-4D6F-B264-A12743AD128E}.Release|Any CPU.ActiveCfg = Release|Any CPU
		{0C5C19AD-F636-4D6F-B264-A12743AD128E}.Release|Any CPU.Build.0 = Release|Any CPU
		{810E436E-B966-4937-B466-01E9B559855F}.Debug|Any CPU.ActiveCfg = Debug|Any CPU
		{810E436E-B966-4937-B466-01E9B559855F}.Debug|Any CPU.Build.0 = Debug|Any CPU
		{810E436E-B966-4937-B466-01E9B559855F}.Release|Any CPU.ActiveCfg = Release|Any CPU
		{810E436E-B966-4937-B466-01E9B559855F}.Release|Any CPU.Build.0 = Release|Any CPU
		{9E2AC05D-FA13-4049-91AD-51ABDF12ACF1}.Debug|Any CPU.ActiveCfg = Debug|Any CPU
		{9E2AC05D-FA13-4049-91AD-51ABDF12ACF1}.Debug|Any CPU.Build.0 = Debug|Any CPU
		{9E2AC05D-FA13-4049-91AD-51ABDF12ACF1}.Release|Any CPU.ActiveCfg = Release|Any CPU
		{9E2AC05D-FA13-4049-91AD-51ABDF12ACF1}.Release|Any CPU.Build.0 = Release|Any CPU
		{B2E827AE-76B5-4276-A088-6343466CF06C}.Debug|Any CPU.ActiveCfg = Debug|Any CPU
		{B2E827AE-76B5-4276-A088-6343466CF06C}.Debug|Any CPU.Build.0 = Debug|Any CPU
		{B2E827AE-76B5-4276-A088-6343466CF06C}.Release|Any CPU.ActiveCfg = Release|Any CPU
		{B2E827AE-76B5-4276-A088-6343466CF06C}.Release|Any CPU.Build.0 = Release|Any CPU
		{D98F0135-7424-4CAA-AA11-35E9363D2B35}.Debug|Any CPU.ActiveCfg = Debug|Any CPU
		{D98F0135-7424-4CAA-AA11-35E9363D2B35}.Debug|Any CPU.Build.0 = Debug|Any CPU
		{D98F0135-7424-4CAA-AA11-35E9363D2B35}.Release|Any CPU.ActiveCfg = Release|Any CPU
		{D98F0135-7424-4CAA-AA11-35E9363D2B35}.Release|Any CPU.Build.0 = Release|Any CPU
		{F1A36F94-4DA5-4B9F-83A7-0D29E81944B3}.Debug|Any CPU.ActiveCfg = Debug|Any CPU
		{F1A36F94-4DA5-4B9F-83A7-0D29E81944B3}.Debug|Any CPU.Build.0 = Debug|Any CPU
		{F1A36F94-4DA5-4B9F-83A7-0D29E81944B3}.Release|Any CPU.ActiveCfg = Release|Any CPU
		{F1A36F94-4DA5-4B9F-83A7-0D29E81944B3}.Release|Any CPU.Build.0 = Release|Any CPU
		{045C1EB2-AA59-4E0B-9A82-42BCFF25CA10}.Debug|Any CPU.ActiveCfg = Debug|Any CPU
		{045C1EB2-AA59-4E0B-9A82-42BCFF25CA10}.Debug|Any CPU.Build.0 = Debug|Any CPU
		{045C1EB2-AA59-4E0B-9A82-42BCFF25CA10}.Release|Any CPU.ActiveCfg = Release|Any CPU
		{045C1EB2-AA59-4E0B-9A82-42BCFF25CA10}.Release|Any CPU.Build.0 = Release|Any CPU
		{4A8FE20F-B767-4D1B-AA26-02EF0085AC8B}.Debug|Any CPU.ActiveCfg = Debug|Any CPU
		{4A8FE20F-B767-4D1B-AA26-02EF0085AC8B}.Debug|Any CPU.Build.0 = Debug|Any CPU
		{4A8FE20F-B767-4D1B-AA26-02EF0085AC8B}.Release|Any CPU.ActiveCfg = Release|Any CPU
		{4A8FE20F-B767-4D1B-AA26-02EF0085AC8B}.Release|Any CPU.Build.0 = Release|Any CPU
		{E039372F-2F43-4356-A31C-9D82718DCD03}.Debug|Any CPU.ActiveCfg = Debug|Any CPU
		{E039372F-2F43-4356-A31C-9D82718DCD03}.Debug|Any CPU.Build.0 = Debug|Any CPU
		{E039372F-2F43-4356-A31C-9D82718DCD03}.Release|Any CPU.ActiveCfg = Release|Any CPU
		{E039372F-2F43-4356-A31C-9D82718DCD03}.Release|Any CPU.Build.0 = Release|Any CPU
		{9C765F99-E652-4302-9261-10814C0ABE12}.Debug|Any CPU.ActiveCfg = Debug|Any CPU
		{9C765F99-E652-4302-9261-10814C0ABE12}.Debug|Any CPU.Build.0 = Debug|Any CPU
		{9C765F99-E652-4302-9261-10814C0ABE12}.Release|Any CPU.ActiveCfg = Release|Any CPU
		{9C765F99-E652-4302-9261-10814C0ABE12}.Release|Any CPU.Build.0 = Release|Any CPU
		{D87ADEF4-C141-4355-9802-DA64DAB792F8}.Debug|Any CPU.ActiveCfg = Debug|Any CPU
		{D87ADEF4-C141-4355-9802-DA64DAB792F8}.Debug|Any CPU.Build.0 = Debug|Any CPU
		{D87ADEF4-C141-4355-9802-DA64DAB792F8}.Release|Any CPU.ActiveCfg = Release|Any CPU
		{D87ADEF4-C141-4355-9802-DA64DAB792F8}.Release|Any CPU.Build.0 = Release|Any CPU
		{97F69377-C77F-42BE-9602-AB9628C52E7F}.Debug|Any CPU.ActiveCfg = Debug|Any CPU
		{97F69377-C77F-42BE-9602-AB9628C52E7F}.Debug|Any CPU.Build.0 = Debug|Any CPU
		{97F69377-C77F-42BE-9602-AB9628C52E7F}.Release|Any CPU.ActiveCfg = Release|Any CPU
		{97F69377-C77F-42BE-9602-AB9628C52E7F}.Release|Any CPU.Build.0 = Release|Any CPU
		{B50EF4BC-FF93-401C-BFCF-9F9B5734590F}.Debug|Any CPU.ActiveCfg = Debug|Any CPU
		{B50EF4BC-FF93-401C-BFCF-9F9B5734590F}.Debug|Any CPU.Build.0 = Debug|Any CPU
		{B50EF4BC-FF93-401C-BFCF-9F9B5734590F}.Release|Any CPU.ActiveCfg = Release|Any CPU
		{B50EF4BC-FF93-401C-BFCF-9F9B5734590F}.Release|Any CPU.Build.0 = Release|Any CPU
	EndGlobalSection
	GlobalSection(SolutionProperties) = preSolution
		HideSolutionNode = FALSE
	EndGlobalSection
	GlobalSection(ExtensibilityGlobals) = postSolution
		SolutionGuid = {8B0C85C6-2C34-464A-B20E-4E5DB6D30462}
	EndGlobalSection
EndGlobal
